// !$*UTF8*$!
{
	archiveVersion = 1;
	classes = {
	};
	objectVersion = 50;
	objects = {

/* Begin PBXBuildFile section */
		D1E8C89123648DEE00BC2E3F /* AppDelegate.swift in Sources */ = {isa = PBXBuildFile; fileRef = D1E8C89023648DEE00BC2E3F /* AppDelegate.swift */; };
		D1E8C89323648DEE00BC2E3F /* MainViewController.swift in Sources */ = {isa = PBXBuildFile; fileRef = D1E8C89223648DEE00BC2E3F /* MainViewController.swift */; };
		D1E8C89623648DEE00BC2E3F /* Main.storyboard in Resources */ = {isa = PBXBuildFile; fileRef = D1E8C89423648DEE00BC2E3F /* Main.storyboard */; };
		D1E8C89823648DF300BC2E3F /* Assets.xcassets in Resources */ = {isa = PBXBuildFile; fileRef = D1E8C89723648DF300BC2E3F /* Assets.xcassets */; };
		D1E8C89B23648DF300BC2E3F /* LaunchScreen.storyboard in Resources */ = {isa = PBXBuildFile; fileRef = D1E8C89923648DF300BC2E3F /* LaunchScreen.storyboard */; };
		D1E8C8A623648DF300BC2E3F /* CheckUnCheckFromPopUpTests.swift in Sources */ = {isa = PBXBuildFile; fileRef = D1E8C8A523648DF300BC2E3F /* CheckUnCheckFromPopUpTests.swift */; };
		D1E8C8B123648DF300BC2E3F /* CheckUnCheckFromPopUpUITests.swift in Sources */ = {isa = PBXBuildFile; fileRef = D1E8C8B023648DF300BC2E3F /* CheckUnCheckFromPopUpUITests.swift */; };
		D1E8C8BF23648F9500BC2E3F /* generated.json in Resources */ = {isa = PBXBuildFile; fileRef = D1E8C8BE23648F9500BC2E3F /* generated.json */; };
		D1E8C8C123648FD700BC2E3F /* StatusVC.swift in Sources */ = {isa = PBXBuildFile; fileRef = D1E8C8C023648FD700BC2E3F /* StatusVC.swift */; };
/* End PBXBuildFile section */

/* Begin PBXContainerItemProxy section */
		D1E8C8A223648DF300BC2E3F /* PBXContainerItemProxy */ = {
			isa = PBXContainerItemProxy;
			containerPortal = D1E8C88523648DEE00BC2E3F /* Project object */;
			proxyType = 1;
			remoteGlobalIDString = D1E8C88C23648DEE00BC2E3F;
			remoteInfo = CheckUnCheckFromPopUp;
		};
		D1E8C8AD23648DF300BC2E3F /* PBXContainerItemProxy */ = {
			isa = PBXContainerItemProxy;
			containerPortal = D1E8C88523648DEE00BC2E3F /* Project object */;
			proxyType = 1;
			remoteGlobalIDString = D1E8C88C23648DEE00BC2E3F;
			remoteInfo = CheckUnCheckFromPopUp;
		};
/* End PBXContainerItemProxy section */

/* Begin PBXFileReference section */
		D1E8C88D23648DEE00BC2E3F /* CheckUnCheckFromPopUp.app */ = {isa = PBXFileReference; explicitFileType = wrapper.application; includeInIndex = 0; path = CheckUnCheckFromPopUp.app; sourceTree = BUILT_PRODUCTS_DIR; };
		D1E8C89023648DEE00BC2E3F /* AppDelegate.swift */ = {isa = PBXFileReference; lastKnownFileType = sourcecode.swift; path = AppDelegate.swift; sourceTree = "<group>"; };
		D1E8C89223648DEE00BC2E3F /* MainViewController.swift */ = {isa = PBXFileReference; lastKnownFileType = sourcecode.swift; path = MainViewController.swift; sourceTree = "<group>"; };
		D1E8C89523648DEE00BC2E3F /* Base */ = {isa = PBXFileReference; lastKnownFileType = file.storyboard; name = Base; path = Base.lproj/Main.storyboard; sourceTree = "<group>"; };
		D1E8C89723648DF300BC2E3F /* Assets.xcassets */ = {isa = PBXFileReference; lastKnownFileType = folder.assetcatalog; path = Assets.xcassets; sourceTree = "<group>"; };
		D1E8C89A23648DF300BC2E3F /* Base */ = {isa = PBXFileReference; lastKnownFileType = file.storyboard; name = Base; path = Base.lproj/LaunchScreen.storyboard; sourceTree = "<group>"; };
		D1E8C89C23648DF300BC2E3F /* Info.plist */ = {isa = PBXFileReference; lastKnownFileType = text.plist.xml; path = Info.plist; sourceTree = "<group>"; };
		D1E8C8A123648DF300BC2E3F /* CheckUnCheckFromPopUpTests.xctest */ = {isa = PBXFileReference; explicitFileType = wrapper.cfbundle; includeInIndex = 0; path = CheckUnCheckFromPopUpTests.xctest; sourceTree = BUILT_PRODUCTS_DIR; };
		D1E8C8A523648DF300BC2E3F /* CheckUnCheckFromPopUpTests.swift */ = {isa = PBXFileReference; lastKnownFileType = sourcecode.swift; path = CheckUnCheckFromPopUpTests.swift; sourceTree = "<group>"; };
		D1E8C8A723648DF300BC2E3F /* Info.plist */ = {isa = PBXFileReference; lastKnownFileType = text.plist.xml; path = Info.plist; sourceTree = "<group>"; };
		D1E8C8AC23648DF300BC2E3F /* CheckUnCheckFromPopUpUITests.xctest */ = {isa = PBXFileReference; explicitFileType = wrapper.cfbundle; includeInIndex = 0; path = CheckUnCheckFromPopUpUITests.xctest; sourceTree = BUILT_PRODUCTS_DIR; };
		D1E8C8B023648DF300BC2E3F /* CheckUnCheckFromPopUpUITests.swift */ = {isa = PBXFileReference; lastKnownFileType = sourcecode.swift; path = CheckUnCheckFromPopUpUITests.swift; sourceTree = "<group>"; };
		D1E8C8B223648DF300BC2E3F /* Info.plist */ = {isa = PBXFileReference; lastKnownFileType = text.plist.xml; path = Info.plist; sourceTree = "<group>"; };
		D1E8C8BE23648F9500BC2E3F /* generated.json */ = {isa = PBXFileReference; fileEncoding = 4; lastKnownFileType = text.json; path = generated.json; sourceTree = "<group>"; };
		D1E8C8C023648FD700BC2E3F /* StatusVC.swift */ = {isa = PBXFileReference; lastKnownFileType = sourcecode.swift; path = StatusVC.swift; sourceTree = "<group>"; };
/* End PBXFileReference section */

/* Begin PBXFrameworksBuildPhase section */
		D1E8C88A23648DEE00BC2E3F /* Frameworks */ = {
			isa = PBXFrameworksBuildPhase;
			buildActionMask = 2147483647;
			files = (
			);
			runOnlyForDeploymentPostprocessing = 0;
		};
		D1E8C89E23648DF300BC2E3F /* Frameworks */ = {
			isa = PBXFrameworksBuildPhase;
			buildActionMask = 2147483647;
			files = (
			);
			runOnlyForDeploymentPostprocessing = 0;
		};
		D1E8C8A923648DF300BC2E3F /* Frameworks */ = {
			isa = PBXFrameworksBuildPhase;
			buildActionMask = 2147483647;
			files = (
			);
			runOnlyForDeploymentPostprocessing = 0;
		};
/* End PBXFrameworksBuildPhase section */

/* Begin PBXGroup section */
		D1E8C88423648DEE00BC2E3F = {
			isa = PBXGroup;
			children = (
				D1E8C88F23648DEE00BC2E3F /* CheckUnCheckFromPopUp */,
				D1E8C8A423648DF300BC2E3F /* CheckUnCheckFromPopUpTests */,
				D1E8C8AF23648DF300BC2E3F /* CheckUnCheckFromPopUpUITests */,
				D1E8C88E23648DEE00BC2E3F /* Products */,
			);
			sourceTree = "<group>";
		};
		D1E8C88E23648DEE00BC2E3F /* Products */ = {
			isa = PBXGroup;
			children = (
				D1E8C88D23648DEE00BC2E3F /* CheckUnCheckFromPopUp.app */,
				D1E8C8A123648DF300BC2E3F /* CheckUnCheckFromPopUpTests.xctest */,
				D1E8C8AC23648DF300BC2E3F /* CheckUnCheckFromPopUpUITests.xctest */,
			);
			name = Products;
			sourceTree = "<group>";
		};
		D1E8C88F23648DEE00BC2E3F /* CheckUnCheckFromPopUp */ = {
			isa = PBXGroup;
			children = (
				D1E8C89023648DEE00BC2E3F /* AppDelegate.swift */,
				D1E8C8BE23648F9500BC2E3F /* generated.json */,
				D1E8C89223648DEE00BC2E3F /* MainViewController.swift */,
				D1E8C8C023648FD700BC2E3F /* StatusVC.swift */,
				D1E8C89423648DEE00BC2E3F /* Main.storyboard */,
				D1E8C89723648DF300BC2E3F /* Assets.xcassets */,
				D1E8C89923648DF300BC2E3F /* LaunchScreen.storyboard */,
				D1E8C89C23648DF300BC2E3F /* Info.plist */,
			);
			path = CheckUnCheckFromPopUp;
			sourceTree = "<group>";
		};
		D1E8C8A423648DF300BC2E3F /* CheckUnCheckFromPopUpTests */ = {
			isa = PBXGroup;
			children = (
				D1E8C8A523648DF300BC2E3F /* CheckUnCheckFromPopUpTests.swift */,
				D1E8C8A723648DF300BC2E3F /* Info.plist */,
			);
			path = CheckUnCheckFromPopUpTests;
			sourceTree = "<group>";
		};
		D1E8C8AF23648DF300BC2E3F /* CheckUnCheckFromPopUpUITests */ = {
			isa = PBXGroup;
			children = (
				D1E8C8B023648DF300BC2E3F /* CheckUnCheckFromPopUpUITests.swift */,
				D1E8C8B223648DF300BC2E3F /* Info.plist */,
			);
			path = CheckUnCheckFromPopUpUITests;
			sourceTree = "<group>";
		};
/* End PBXGroup section */

/* Begin PBXNativeTarget section */
		D1E8C88C23648DEE00BC2E3F /* CheckUnCheckFromPopUp */ = {
			isa = PBXNativeTarget;
			buildConfigurationList = D1E8C8B523648DF300BC2E3F /* Build configuration list for PBXNativeTarget "CheckUnCheckFromPopUp" */;
			buildPhases = (
				D1E8C88923648DEE00BC2E3F /* Sources */,
				D1E8C88A23648DEE00BC2E3F /* Frameworks */,
				D1E8C88B23648DEE00BC2E3F /* Resources */,
			);
			buildRules = (
			);
			dependencies = (
			);
			name = CheckUnCheckFromPopUp;
			productName = CheckUnCheckFromPopUp;
			productReference = D1E8C88D23648DEE00BC2E3F /* CheckUnCheckFromPopUp.app */;
			productType = "com.apple.product-type.application";
		};
		D1E8C8A023648DF300BC2E3F /* CheckUnCheckFromPopUpTests */ = {
			isa = PBXNativeTarget;
			buildConfigurationList = D1E8C8B823648DF300BC2E3F /* Build configuration list for PBXNativeTarget "CheckUnCheckFromPopUpTests" */;
			buildPhases = (
				D1E8C89D23648DF300BC2E3F /* Sources */,
				D1E8C89E23648DF300BC2E3F /* Frameworks */,
				D1E8C89F23648DF300BC2E3F /* Resources */,
			);
			buildRules = (
			);
			dependencies = (
				D1E8C8A323648DF300BC2E3F /* PBXTargetDependency */,
			);
			name = CheckUnCheckFromPopUpTests;
			productName = CheckUnCheckFromPopUpTests;
			productReference = D1E8C8A123648DF300BC2E3F /* CheckUnCheckFromPopUpTests.xctest */;
			productType = "com.apple.product-type.bundle.unit-test";
		};
		D1E8C8AB23648DF300BC2E3F /* CheckUnCheckFromPopUpUITests */ = {
			isa = PBXNativeTarget;
			buildConfigurationList = D1E8C8BB23648DF300BC2E3F /* Build configuration list for PBXNativeTarget "CheckUnCheckFromPopUpUITests" */;
			buildPhases = (
				D1E8C8A823648DF300BC2E3F /* Sources */,
				D1E8C8A923648DF300BC2E3F /* Frameworks */,
				D1E8C8AA23648DF300BC2E3F /* Resources */,
			);
			buildRules = (
			);
			dependencies = (
				D1E8C8AE23648DF300BC2E3F /* PBXTargetDependency */,
			);
			name = CheckUnCheckFromPopUpUITests;
			productName = CheckUnCheckFromPopUpUITests;
			productReference = D1E8C8AC23648DF300BC2E3F /* CheckUnCheckFromPopUpUITests.xctest */;
			productType = "com.apple.product-type.bundle.ui-testing";
		};
/* End PBXNativeTarget section */

/* Begin PBXProject section */
		D1E8C88523648DEE00BC2E3F /* Project object */ = {
			isa = PBXProject;
			attributes = {
				LastSwiftUpdateCheck = 1010;
				LastUpgradeCheck = 1010;
				ORGANIZATIONNAME = "SARA Technologies Pvt. Ltd.";
				TargetAttributes = {
					D1E8C88C23648DEE00BC2E3F = {
						CreatedOnToolsVersion = 10.1;
					};
					D1E8C8A023648DF300BC2E3F = {
						CreatedOnToolsVersion = 10.1;
						TestTargetID = D1E8C88C23648DEE00BC2E3F;
					};
					D1E8C8AB23648DF300BC2E3F = {
						CreatedOnToolsVersion = 10.1;
						TestTargetID = D1E8C88C23648DEE00BC2E3F;
					};
				};
			};
			buildConfigurationList = D1E8C88823648DEE00BC2E3F /* Build configuration list for PBXProject "CheckUnCheckFromPopUp" */;
			compatibilityVersion = "Xcode 9.3";
			developmentRegion = en;
			hasScannedForEncodings = 0;
			knownRegions = (
				en,
				Base,
			);
			mainGroup = D1E8C88423648DEE00BC2E3F;
			productRefGroup = D1E8C88E23648DEE00BC2E3F /* Products */;
			projectDirPath = "";
			projectRoot = "";
			targets = (
				D1E8C88C23648DEE00BC2E3F /* CheckUnCheckFromPopUp */,
				D1E8C8A023648DF300BC2E3F /* CheckUnCheckFromPopUpTests */,
				D1E8C8AB23648DF300BC2E3F /* CheckUnCheckFromPopUpUITests */,
			);
		};
/* End PBXProject section */

/* Begin PBXResourcesBuildPhase section */
		D1E8C88B23648DEE00BC2E3F /* Resources */ = {
			isa = PBXResourcesBuildPhase;
			buildActionMask = 2147483647;
			files = (
				D1E8C89B23648DF300BC2E3F /* LaunchScreen.storyboard in Resources */,
				D1E8C8BF23648F9500BC2E3F /* generated.json in Resources */,
				D1E8C89823648DF300BC2E3F /* Assets.xcassets in Resources */,
				D1E8C89623648DEE00BC2E3F /* Main.storyboard in Resources */,
			);
			runOnlyForDeploymentPostprocessing = 0;
		};
		D1E8C89F23648DF300BC2E3F /* Resources */ = {
			isa = PBXResourcesBuildPhase;
			buildActionMask = 2147483647;
			files = (
			);
			runOnlyForDeploymentPostprocessing = 0;
		};
		D1E8C8AA23648DF300BC2E3F /* Resources */ = {
			isa = PBXResourcesBuildPhase;
			buildActionMask = 2147483647;
			files = (
			);
			runOnlyForDeploymentPostprocessing = 0;
		};
/* End PBXResourcesBuildPhase section */

/* Begin PBXSourcesBuildPhase section */
		D1E8C88923648DEE00BC2E3F /* Sources */ = {
			isa = PBXSourcesBuildPhase;
			buildActionMask = 2147483647;
			files = (
				D1E8C89323648DEE00BC2E3F /* MainViewController.swift in Sources */,
				D1E8C8C123648FD700BC2E3F /* StatusVC.swift in Sources */,
				D1E8C89123648DEE00BC2E3F /* AppDelegate.swift in Sources */,
			);
			runOnlyForDeploymentPostprocessing = 0;
		};
		D1E8C89D23648DF300BC2E3F /* Sources */ = {
			isa = PBXSourcesBuildPhase;
			buildActionMask = 2147483647;
			files = (
				D1E8C8A623648DF300BC2E3F /* CheckUnCheckFromPopUpTests.swift in Sources */,
			);
			runOnlyForDeploymentPostprocessing = 0;
		};
		D1E8C8A823648DF300BC2E3F /* Sources */ = {
			isa = PBXSourcesBuildPhase;
			buildActionMask = 2147483647;
			files = (
				D1E8C8B123648DF300BC2E3F /* CheckUnCheckFromPopUpUITests.swift in Sources */,
			);
			runOnlyForDeploymentPostprocessing = 0;
		};
/* End PBXSourcesBuildPhase section */

/* Begin PBXTargetDependency section */
		D1E8C8A323648DF300BC2E3F /* PBXTargetDependency */ = {
			isa = PBXTargetDependency;
			target = D1E8C88C23648DEE00BC2E3F /* CheckUnCheckFromPopUp */;
			targetProxy = D1E8C8A223648DF300BC2E3F /* PBXContainerItemProxy */;
		};
		D1E8C8AE23648DF300BC2E3F /* PBXTargetDependency */ = {
			isa = PBXTargetDependency;
			target = D1E8C88C23648DEE00BC2E3F /* CheckUnCheckFromPopUp */;
			targetProxy = D1E8C8AD23648DF300BC2E3F /* PBXContainerItemProxy */;
		};
/* End PBXTargetDependency section */

/* Begin PBXVariantGroup section */
		D1E8C89423648DEE00BC2E3F /* Main.storyboard */ = {
			isa = PBXVariantGroup;
			children = (
				D1E8C89523648DEE00BC2E3F /* Base */,
			);
			name = Main.storyboard;
			sourceTree = "<group>";
		};
		D1E8C89923648DF300BC2E3F /* LaunchScreen.storyboard */ = {
			isa = PBXVariantGroup;
			children = (
				D1E8C89A23648DF300BC2E3F /* Base */,
			);
			name = LaunchScreen.storyboard;
			sourceTree = "<group>";
		};
/* End PBXVariantGroup section */

/* Begin XCBuildConfiguration section */
		D1E8C8B323648DF300BC2E3F /* Debug */ = {
			isa = XCBuildConfiguration;
			buildSettings = {
				ALWAYS_SEARCH_USER_PATHS = NO;
				CLANG_ANALYZER_NONNULL = YES;
				CLANG_ANALYZER_NUMBER_OBJECT_CONVERSION = YES_AGGRESSIVE;
				CLANG_CXX_LANGUAGE_STANDARD = "gnu++14";
				CLANG_CXX_LIBRARY = "libc++";
				CLANG_ENABLE_MODULES = YES;
				CLANG_ENABLE_OBJC_ARC = YES;
				CLANG_ENABLE_OBJC_WEAK = YES;
				CLANG_WARN_BLOCK_CAPTURE_AUTORELEASING = YES;
				CLANG_WARN_BOOL_CONVERSION = YES;
				CLANG_WARN_COMMA = YES;
				CLANG_WARN_CONSTANT_CONVERSION = YES;
				CLANG_WARN_DEPRECATED_OBJC_IMPLEMENTATIONS = YES;
				CLANG_WARN_DIRECT_OBJC_ISA_USAGE = YES_ERROR;
				CLANG_WARN_DOCUMENTATION_COMMENTS = YES;
				CLANG_WARN_EMPTY_BODY = YES;
				CLANG_WARN_ENUM_CONVERSION = YES;
				CLANG_WARN_INFINITE_RECURSION = YES;
				CLANG_WARN_INT_CONVERSION = YES;
				CLANG_WARN_NON_LITERAL_NULL_CONVERSION = YES;
				CLANG_WARN_OBJC_IMPLICIT_RETAIN_SELF = YES;
				CLANG_WARN_OBJC_LITERAL_CONVERSION = YES;
				CLANG_WARN_OBJC_ROOT_CLASS = YES_ERROR;
				CLANG_WARN_RANGE_LOOP_ANALYSIS = YES;
				CLANG_WARN_STRICT_PROTOTYPES = YES;
				CLANG_WARN_SUSPICIOUS_MOVE = YES;
				CLANG_WARN_UNGUARDED_AVAILABILITY = YES_AGGRESSIVE;
				CLANG_WARN_UNREACHABLE_CODE = YES;
				CLANG_WARN__DUPLICATE_METHOD_MATCH = YES;
				CODE_SIGN_IDENTITY = "iPhone Developer";
				COPY_PHASE_STRIP = NO;
				DEBUG_INFORMATION_FORMAT = dwarf;
				ENABLE_STRICT_OBJC_MSGSEND = YES;
				ENABLE_TESTABILITY = YES;
				GCC_C_LANGUAGE_STANDARD = gnu11;
				GCC_DYNAMIC_NO_PIC = NO;
				GCC_NO_COMMON_BLOCKS = YES;
				GCC_OPTIMIZATION_LEVEL = 0;
				GCC_PREPROCESSOR_DEFINITIONS = (
					"DEBUG=1",
					"$(inherited)",
				);
				GCC_WARN_64_TO_32_BIT_CONVERSION = YES;
				GCC_WARN_ABOUT_RETURN_TYPE = YES_ERROR;
				GCC_WARN_UNDECLARED_SELECTOR = YES;
				GCC_WARN_UNINITIALIZED_AUTOS = YES_AGGRESSIVE;
				GCC_WARN_UNUSED_FUNCTION = YES;
				GCC_WARN_UNUSED_VARIABLE = YES;
				IPHONEOS_DEPLOYMENT_TARGET = 12.1;
				MTL_ENABLE_DEBUG_INFO = INCLUDE_SOURCE;
				MTL_FAST_MATH = YES;
				ONLY_ACTIVE_ARCH = YES;
				SDKROOT = iphoneos;
				SWIFT_ACTIVE_COMPILATION_CONDITIONS = DEBUG;
				SWIFT_OPTIMIZATION_LEVEL = "-Onone";
			};
			name = Debug;
		};
		D1E8C8B423648DF300BC2E3F /* Release */ = {
			isa = XCBuildConfiguration;
			buildSettings = {
				ALWAYS_SEARCH_USER_PATHS = NO;
				CLANG_ANALYZER_NONNULL = YES;
				CLANG_ANALYZER_NUMBER_OBJECT_CONVERSION = YES_AGGRESSIVE;
				CLANG_CXX_LANGUAGE_STANDARD = "gnu++14";
				CLANG_CXX_LIBRARY = "libc++";
				CLANG_ENABLE_MODULES = YES;
				CLANG_ENABLE_OBJC_ARC = YES;
				CLANG_ENABLE_OBJC_WEAK = YES;
				CLANG_WARN_BLOCK_CAPTURE_AUTORELEASING = YES;
				CLANG_WARN_BOOL_CONVERSION = YES;
				CLANG_WARN_COMMA = YES;
				CLANG_WARN_CONSTANT_CONVERSION = YES;
				CLANG_WARN_DEPRECATED_OBJC_IMPLEMENTATIONS = YES;
				CLANG_WARN_DIRECT_OBJC_ISA_USAGE = YES_ERROR;
				CLANG_WARN_DOCUMENTATION_COMMENTS = YES;
				CLANG_WARN_EMPTY_BODY = YES;
				CLANG_WARN_ENUM_CONVERSION = YES;
				CLANG_WARN_INFINITE_RECURSION = YES;
				CLANG_WARN_INT_CONVERSION = YES;
				CLANG_WARN_NON_LITERAL_NULL_CONVERSION = YES;
				CLANG_WARN_OBJC_IMPLICIT_RETAIN_SELF = YES;
				CLANG_WARN_OBJC_LITERAL_CONVERSION = YES;
				CLANG_WARN_OBJC_ROOT_CLASS = YES_ERROR;
				CLANG_WARN_RANGE_LOOP_ANALYSIS = YES;
				CLANG_WARN_STRICT_PROTOTYPES = YES;
				CLANG_WARN_SUSPICIOUS_MOVE = YES;
				CLANG_WARN_UNGUARDED_AVAILABILITY = YES_AGGRESSIVE;
				CLANG_WARN_UNREACHABLE_CODE = YES;
				CLANG_WARN__DUPLICATE_METHOD_MATCH = YES;
				CODE_SIGN_IDENTITY = "iPhone Developer";
				COPY_PHASE_STRIP = NO;
				DEBUG_INFORMATION_FORMAT = "dwarf-with-dsym";
				ENABLE_NS_ASSERTIONS = NO;
				ENABLE_STRICT_OBJC_MSGSEND = YES;
				GCC_C_LANGUAGE_STANDARD = gnu11;
				GCC_NO_COMMON_BLOCKS = YES;
				GCC_WARN_64_TO_32_BIT_CONVERSION = YES;
				GCC_WARN_ABOUT_RETURN_TYPE = YES_ERROR;
				GCC_WARN_UNDECLARED_SELECTOR = YES;
				GCC_WARN_UNINITIALIZED_AUTOS = YES_AGGRESSIVE;
				GCC_WARN_UNUSED_FUNCTION = YES;
				GCC_WARN_UNUSED_VARIABLE = YES;
				IPHONEOS_DEPLOYMENT_TARGET = 12.1;
				MTL_ENABLE_DEBUG_INFO = NO;
				MTL_FAST_MATH = YES;
				SDKROOT = iphoneos;
				SWIFT_COMPILATION_MODE = wholemodule;
				SWIFT_OPTIMIZATION_LEVEL = "-O";
				VALIDATE_PRODUCT = YES;
			};
			name = Release;
		};
		D1E8C8B623648DF300BC2E3F /* Debug */ = {
			isa = XCBuildConfiguration;
			buildSettings = {
				ASSETCATALOG_COMPILER_APPICON_NAME = AppIcon;
				CODE_SIGN_STYLE = Manual;
				DEVELOPMENT_TEAM = "";
				INFOPLIST_FILE = CheckUnCheckFromPopUp/Info.plist;
				LD_RUNPATH_SEARCH_PATHS = (
					"$(inherited)",
					"@executable_path/Frameworks",
				);
				PRODUCT_BUNDLE_IDENTIFIER = com.saratechnologies.CheckUnCheckFromPopUp;
				PRODUCT_NAME = "$(TARGET_NAME)";
				PROVISIONING_PROFILE_SPECIFIER = "";
				SWIFT_VERSION = 4.2;
				TARGETED_DEVICE_FAMILY = "1,2";
			};
			name = Debug;
		};
		D1E8C8B723648DF300BC2E3F /* Release */ = {
			isa = XCBuildConfiguration;
			buildSettings = {
				ASSETCATALOG_COMPILER_APPICON_NAME = AppIcon;
				CODE_SIGN_STYLE = Manual;
				DEVELOPMENT_TEAM = "";
				INFOPLIST_FILE = CheckUnCheckFromPopUp/Info.plist;
				LD_RUNPATH_SEARCH_PATHS = (
					"$(inherited)",
					"@executable_path/Frameworks",
				);
				PRODUCT_BUNDLE_IDENTIFIER = com.saratechnologies.CheckUnCheckFromPopUp;
				PRODUCT_NAME = "$(TARGET_NAME)";
				PROVISIONING_PROFILE_SPECIFIER = "";
				SWIFT_VERSION = 4.2;
				TARGETED_DEVICE_FAMILY = "1,2";
			};
			name = Release;
		};
		D1E8C8B923648DF300BC2E3F /* Debug */ = {
			isa = XCBuildConfiguration;
			buildSettings = {
				ALWAYS_EMBED_SWIFT_STANDARD_LIBRARIES = YES;
				BUNDLE_LOADER = "$(TEST_HOST)";
				CODE_SIGN_STYLE = Automatic;
				INFOPLIST_FILE = CheckUnCheckFromPopUpTests/Info.plist;
				LD_RUNPATH_SEARCH_PATHS = (
					"$(inherited)",
					"@executable_path/Frameworks",
					"@loader_path/Frameworks",
				);
				PRODUCT_BUNDLE_IDENTIFIER = com.saratechnologies.CheckUnCheckFromPopUpTests;
				PRODUCT_NAME = "$(TARGET_NAME)";
				SWIFT_VERSION = 4.2;
				TARGETED_DEVICE_FAMILY = "1,2";
				TEST_HOST = "$(BUILT_PRODUCTS_DIR)/CheckUnCheckFromPopUp.app/CheckUnCheckFromPopUp";
			};
			name = Debug;
		};
		D1E8C8BA23648DF300BC2E3F /* Release */ = {
			isa = XCBuildConfiguration;
			buildSettings = {
				ALWAYS_EMBED_SWIFT_STANDARD_LIBRARIES = YES;
				BUNDLE_LOADER = "$(TEST_HOST)";
				CODE_SIGN_STYLE = Automatic;
				INFOPLIST_FILE = CheckUnCheckFromPopUpTests/Info.plist;
				LD_RUNPATH_SEARCH_PATHS = (
					"$(inherited)",
					"@executable_path/Frameworks",
					"@loader_path/Frameworks",
				);
				PRODUCT_BUNDLE_IDENTIFIER = com.saratechnologies.CheckUnCheckFromPopUpTests;
				PRODUCT_NAME = "$(TARGET_NAME)";
				SWIFT_VERSION = 4.2;
				TARGETED_DEVICE_FAMILY = "1,2";
				TEST_HOST = "$(BUILT_PRODUCTS_DIR)/CheckUnCheckFromPopUp.app/CheckUnCheckFromPopUp";
			};
			name = Release;
		};
		D1E8C8BC23648DF300BC2E3F /* Debug */ = {
			isa = XCBuildConfiguration;
			buildSettings = {
				ALWAYS_EMBED_SWIFT_STANDARD_LIBRARIES = YES;
				CODE_SIGN_STYLE = Automatic;
				INFOPLIST_FILE = CheckUnCheckFromPopUpUITests/Info.plist;
				LD_RUNPATH_SEARCH_PATHS = (
					"$(inherited)",
					"@executable_path/Frameworks",
					"@loader_path/Frameworks",
				);
				PRODUCT_BUNDLE_IDENTIFIER = com.saratechnologies.CheckUnCheckFromPopUpUITests;
				PRODUCT_NAME = "$(TARGET_NAME)";
				SWIFT_VERSION = 4.2;
				TARGETED_DEVICE_FAMILY = "1,2";
				TEST_TARGET_NAME = CheckUnCheckFromPopUp;
			};
			name = Debug;
		};
		D1E8C8BD23648DF300BC2E3F /* Release */ = {
			isa = XCBuildConfiguration;
			buildSettings = {
				ALWAYS_EMBED_SWIFT_STANDARD_LIBRARIES = YES;
				CODE_SIGN_STYLE = Automatic;
				INFOPLIST_FILE = CheckUnCheckFromPopUpUITests/Info.plist;
				LD_RUNPATH_SEARCH_PATHS = (
					"$(inherited)",
					"@executable_path/Frameworks",
					"@loader_path/Frameworks",
				);
				PRODUCT_BUNDLE_IDENTIFIER = com.saratechnologies.CheckUnCheckFromPopUpUITests;
				PRODUCT_NAME = "$(TARGET_NAME)";
				SWIFT_VERSION = 4.2;
				TARGETED_DEVICE_FAMILY = "1,2";
				TEST_TARGET_NAME = CheckUnCheckFromPopUp;
			};
			name = Release;
		};
/* End XCBuildConfiguration section */

/* Begin XCConfigurationList section */
		D1E8C88823648DEE00BC2E3F /* Build configuration list for PBXProject "CheckUnCheckFromPopUp" */ = {
			isa = XCConfigurationList;
			buildConfigurations = (
				D1E8C8B323648DF300BC2E3F /* Debug */,
				D1E8C8B423648DF300BC2E3F /* Release */,
			);
			defaultConfigurationIsVisible = 0;
			defaultConfigurationName = Release;
		};
		D1E8C8B523648DF300BC2E3F /* Build configuration list for PBXNativeTarget "CheckUnCheckFromPopUp" */ = {
			isa = XCConfigurationList;
			buildConfigurations = (
				D1E8C8B623648DF300BC2E3F /* Debug */,
				D1E8C8B723648DF300BC2E3F /* Release */,
			);
			defaultConfigurationIsVisible = 0;
			defaultConfigurationName = Release;
		};
		D1E8C8B823648DF300BC2E3F /* Build configuration list for PBXNativeTarget "CheckUnCheckFromPopUpTests" */ = {
			isa = XCConfigurationList;
			buildConfigurations = (
				D1E8C8B923648DF300BC2E3F /* Debug */,
				D1E8C8BA23648DF300BC2E3F /* Release */,
			);
			defaultConfigurationIsVisible = 0;
			defaultConfigurationName = Release;
		};
		D1E8C8BB23648DF300BC2E3F /* Build configuration list for PBXNativeTarget "CheckUnCheckFromPopUpUITests" */ = {
			isa = XCConfigurationList;
			buildConfigurations = (
				D1E8C8BC23648DF300BC2E3F /* Debug */,
				D1E8C8BD23648DF300BC2E3F /* Release */,
			);
			defaultConfigurationIsVisible = 0;
			defaultConfigurationName = Release;
		};
/* End XCConfigurationList section */
	};
	rootObject = D1E8C88523648DEE00BC2E3F /* Project object */;
}
